// !$*UTF8*$!
{
	archiveVersion = 1;
	classes = {
	};
	objectVersion = 50;
	objects = {

/* Begin PBXBuildFile section */
		AD2F524322EF912E00076B70 /* Tag.swift in Sources */ = {isa = PBXBuildFile; fileRef = AD2F524222EF912E00076B70 /* Tag.swift */; };
		AD2F524622EF946300076B70 /* Item.swift in Sources */ = {isa = PBXBuildFile; fileRef = AD2F524522EF946300076B70 /* Item.swift */; };
		AD9B708122EF9C0C0063959A /* UIcolorExtension.swift in Sources */ = {isa = PBXBuildFile; fileRef = AD9B708022EF9C0C0063959A /* UIcolorExtension.swift */; };
		ADEBE40B22EF6B5600AD510D /* AppDelegate.swift in Sources */ = {isa = PBXBuildFile; fileRef = ADEBE40A22EF6B5600AD510D /* AppDelegate.swift */; };
		ADEBE40D22EF6B5600AD510D /* ViewController.swift in Sources */ = {isa = PBXBuildFile; fileRef = ADEBE40C22EF6B5600AD510D /* ViewController.swift */; };
		ADEBE41022EF6B5600AD510D /* Main.storyboard in Resources */ = {isa = PBXBuildFile; fileRef = ADEBE40E22EF6B5600AD510D /* Main.storyboard */; };
		ADEBE41222EF6B5800AD510D /* Assets.xcassets in Resources */ = {isa = PBXBuildFile; fileRef = ADEBE41122EF6B5800AD510D /* Assets.xcassets */; };
		ADEBE41522EF6B5800AD510D /* LaunchScreen.storyboard in Resources */ = {isa = PBXBuildFile; fileRef = ADEBE41322EF6B5800AD510D /* LaunchScreen.storyboard */; };
		ADEBE41E22EF6D2700AD510D /* TagListView.swift in Sources */ = {isa = PBXBuildFile; fileRef = ADEBE41D22EF6D2700AD510D /* TagListView.swift */; };
		ADEBE42022EF6D6500AD510D /* TagView.swift in Sources */ = {isa = PBXBuildFile; fileRef = ADEBE41F22EF6D6500AD510D /* TagView.swift */; };
		ADEBE42222EF72AF00AD510D /* TagsCell.swift in Sources */ = {isa = PBXBuildFile; fileRef = ADEBE42122EF72AF00AD510D /* TagsCell.swift */; };
/* End PBXBuildFile section */

/* Begin PBXFileReference section */
		AD2F524222EF912E00076B70 /* Tag.swift */ = {isa = PBXFileReference; lastKnownFileType = sourcecode.swift; path = Tag.swift; sourceTree = "<group>"; };
		AD2F524522EF946300076B70 /* Item.swift */ = {isa = PBXFileReference; lastKnownFileType = sourcecode.swift; path = Item.swift; sourceTree = "<group>"; };
		AD9B707A22EF95C50063959A /* README.md */ = {isa = PBXFileReference; lastKnownFileType = net.daringfireball.markdown; path = README.md; sourceTree = "<group>"; };
		AD9B708022EF9C0C0063959A /* UIcolorExtension.swift */ = {isa = PBXFileReference; lastKnownFileType = sourcecode.swift; path = UIcolorExtension.swift; sourceTree = "<group>"; };
		ADEBE40722EF6B5600AD510D /* TagsViewDemo.app */ = {isa = PBXFileReference; explicitFileType = wrapper.application; includeInIndex = 0; path = TagsViewDemo.app; sourceTree = BUILT_PRODUCTS_DIR; };
		ADEBE40A22EF6B5600AD510D /* AppDelegate.swift */ = {isa = PBXFileReference; lastKnownFileType = sourcecode.swift; path = AppDelegate.swift; sourceTree = "<group>"; };
		ADEBE40C22EF6B5600AD510D /* ViewController.swift */ = {isa = PBXFileReference; lastKnownFileType = sourcecode.swift; path = ViewController.swift; sourceTree = "<group>"; };
		ADEBE40F22EF6B5600AD510D /* Base */ = {isa = PBXFileReference; lastKnownFileType = file.storyboard; name = Base; path = Base.lproj/Main.storyboard; sourceTree = "<group>"; };
		ADEBE41122EF6B5800AD510D /* Assets.xcassets */ = {isa = PBXFileReference; lastKnownFileType = folder.assetcatalog; path = Assets.xcassets; sourceTree = "<group>"; };
		ADEBE41422EF6B5800AD510D /* Base */ = {isa = PBXFileReference; lastKnownFileType = file.storyboard; name = Base; path = Base.lproj/LaunchScreen.storyboard; sourceTree = "<group>"; };
		ADEBE41622EF6B5800AD510D /* Info.plist */ = {isa = PBXFileReference; lastKnownFileType = text.plist.xml; path = Info.plist; sourceTree = "<group>"; };
		ADEBE41D22EF6D2700AD510D /* TagListView.swift */ = {isa = PBXFileReference; lastKnownFileType = sourcecode.swift; path = TagListView.swift; sourceTree = "<group>"; };
		ADEBE41F22EF6D6500AD510D /* TagView.swift */ = {isa = PBXFileReference; lastKnownFileType = sourcecode.swift; path = TagView.swift; sourceTree = "<group>"; };
		ADEBE42122EF72AF00AD510D /* TagsCell.swift */ = {isa = PBXFileReference; lastKnownFileType = sourcecode.swift; path = TagsCell.swift; sourceTree = "<group>"; };
/* End PBXFileReference section */

/* Begin PBXFrameworksBuildPhase section */
		ADEBE40422EF6B5600AD510D /* Frameworks */ = {
			isa = PBXFrameworksBuildPhase;
			buildActionMask = 2147483647;
			files = (
			);
			runOnlyForDeploymentPostprocessing = 0;
		};
/* End PBXFrameworksBuildPhase section */

/* Begin PBXGroup section */
		AD2F524422EF945200076B70 /* TagCell */ = {
			isa = PBXGroup;
			children = (
				ADEBE42122EF72AF00AD510D /* TagsCell.swift */,
				AD2F524522EF946300076B70 /* Item.swift */,
			);
			path = TagCell;
			sourceTree = "<group>";
		};
		AD9B707F22EF9BF90063959A /* Misc */ = {
			isa = PBXGroup;
			children = (
				AD9B708022EF9C0C0063959A /* UIcolorExtension.swift */,
			);
			path = Misc;
			sourceTree = "<group>";
		};
		ADEBE3FE22EF6B5600AD510D = {
			isa = PBXGroup;
			children = (
				AD9B707A22EF95C50063959A /* README.md */,
				ADEBE40922EF6B5600AD510D /* TagsViewDemo */,
				ADEBE40822EF6B5600AD510D /* Products */,
			);
			sourceTree = "<group>";
		};
		ADEBE40822EF6B5600AD510D /* Products */ = {
			isa = PBXGroup;
			children = (
				ADEBE40722EF6B5600AD510D /* TagsViewDemo.app */,
			);
			name = Products;
			sourceTree = "<group>";
		};
		ADEBE40922EF6B5600AD510D /* TagsViewDemo */ = {
			isa = PBXGroup;
			children = (
				ADEBE40A22EF6B5600AD510D /* AppDelegate.swift */,
				ADEBE40C22EF6B5600AD510D /* ViewController.swift */,
				AD2F524422EF945200076B70 /* TagCell */,
				ADEBE41C22EF6D1800AD510D /* TagListView */,
				AD9B707F22EF9BF90063959A /* Misc */,
				ADEBE40E22EF6B5600AD510D /* Main.storyboard */,
				ADEBE41122EF6B5800AD510D /* Assets.xcassets */,
				ADEBE41322EF6B5800AD510D /* LaunchScreen.storyboard */,
				ADEBE41622EF6B5800AD510D /* Info.plist */,
			);
			path = TagsViewDemo;
			sourceTree = "<group>";
		};
		ADEBE41C22EF6D1800AD510D /* TagListView */ = {
			isa = PBXGroup;
			children = (
				ADEBE41D22EF6D2700AD510D /* TagListView.swift */,
				ADEBE41F22EF6D6500AD510D /* TagView.swift */,
				AD2F524222EF912E00076B70 /* Tag.swift */,
			);
			path = TagListView;
			sourceTree = "<group>";
		};
/* End PBXGroup section */

/* Begin PBXNativeTarget section */
		ADEBE40622EF6B5600AD510D /* TagsViewDemo */ = {
			isa = PBXNativeTarget;
			buildConfigurationList = ADEBE41922EF6B5800AD510D /* Build configuration list for PBXNativeTarget "TagsViewDemo" */;
			buildPhases = (
				ADEBE40322EF6B5600AD510D /* Sources */,
				ADEBE40422EF6B5600AD510D /* Frameworks */,
				ADEBE40522EF6B5600AD510D /* Resources */,
			);
			buildRules = (
			);
			dependencies = (
			);
			name = TagsViewDemo;
			productName = TagsViewDemo;
			productReference = ADEBE40722EF6B5600AD510D /* TagsViewDemo.app */;
			productType = "com.apple.product-type.application";
		};
/* End PBXNativeTarget section */

/* Begin PBXProject section */
		ADEBE3FF22EF6B5600AD510D /* Project object */ = {
			isa = PBXProject;
			attributes = {
				LastSwiftUpdateCheck = 1020;
				LastUpgradeCheck = 1020;
				ORGANIZATIONNAME = creativegames;
				TargetAttributes = {
					ADEBE40622EF6B5600AD510D = {
						CreatedOnToolsVersion = 10.2.1;
					};
				};
			};
			buildConfigurationList = ADEBE40222EF6B5600AD510D /* Build configuration list for PBXProject "TagsViewDemo" */;
			compatibilityVersion = "Xcode 9.3";
			developmentRegion = en;
			hasScannedForEncodings = 0;
			knownRegions = (
				en,
				Base,
			);
			mainGroup = ADEBE3FE22EF6B5600AD510D;
			productRefGroup = ADEBE40822EF6B5600AD510D /* Products */;
			projectDirPath = "";
			projectRoot = "";
			targets = (
				ADEBE40622EF6B5600AD510D /* TagsViewDemo */,
			);
		};
/* End PBXProject section */

/* Begin PBXResourcesBuildPhase section */
		ADEBE40522EF6B5600AD510D /* Resources */ = {
			isa = PBXResourcesBuildPhase;
			buildActionMask = 2147483647;
			files = (
				ADEBE41522EF6B5800AD510D /* LaunchScreen.storyboard in Resources */,
				ADEBE41222EF6B5800AD510D /* Assets.xcassets in Resources */,
				ADEBE41022EF6B5600AD510D /* Main.storyboard in Resources */,
			);
			runOnlyForDeploymentPostprocessing = 0;
		};
/* End PBXResourcesBuildPhase section */

/* Begin PBXSourcesBuildPhase section */
		ADEBE40322EF6B5600AD510D /* Sources */ = {
			isa = PBXSourcesBuildPhase;
			buildActionMask = 2147483647;
			files = (
				AD2F524322EF912E00076B70 /* Tag.swift in Sources */,
				ADEBE40D22EF6B5600AD510D /* ViewController.swift in Sources */,
				ADEBE41E22EF6D2700AD510D /* TagListView.swift in Sources */,
				AD9B708122EF9C0C0063959A /* UIcolorExtension.swift in Sources */,
				ADEBE42222EF72AF00AD510D /* TagsCell.swift in Sources */,
				AD2F524622EF946300076B70 /* Item.swift in Sources */,
				ADEBE40B22EF6B5600AD510D /* AppDelegate.swift in Sources */,
				ADEBE42022EF6D6500AD510D /* TagView.swift in Sources */,
			);
			runOnlyForDeploymentPostprocessing = 0;
		};
/* End PBXSourcesBuildPhase section */

/* Begin PBXVariantGroup section */
		ADEBE40E22EF6B5600AD510D /* Main.storyboard */ = {
			isa = PBXVariantGroup;
			children = (
				ADEBE40F22EF6B5600AD510D /* Base */,
			);
			name = Main.storyboard;
			sourceTree = "<group>";
		};
		ADEBE41322EF6B5800AD510D /* LaunchScreen.storyboard */ = {
			isa = PBXVariantGroup;
			children = (
				ADEBE41422EF6B5800AD510D /* Base */,
			);
			name = LaunchScreen.storyboard;
			sourceTree = "<group>";
		};
/* End PBXVariantGroup section */

/* Begin XCBuildConfiguration section */
		ADEBE41722EF6B5800AD510D /* Debug */ = {
			isa = XCBuildConfiguration;
			buildSettings = {
				ALWAYS_SEARCH_USER_PATHS = NO;
				CLANG_ANALYZER_NONNULL = YES;
				CLANG_ANALYZER_NUMBER_OBJECT_CONVERSION = YES_AGGRESSIVE;
				CLANG_CXX_LANGUAGE_STANDARD = "gnu++14";
				CLANG_CXX_LIBRARY = "libc++";
				CLANG_ENABLE_MODULES = YES;
				CLANG_ENABLE_OBJC_ARC = YES;
				CLANG_ENABLE_OBJC_WEAK = YES;
				CLANG_WARN_BLOCK_CAPTURE_AUTORELEASING = YES;
				CLANG_WARN_BOOL_CONVERSION = YES;
				CLANG_WARN_COMMA = YES;
				CLANG_WARN_CONSTANT_CONVERSION = YES;
				CLANG_WARN_DEPRECATED_OBJC_IMPLEMENTATIONS = YES;
				CLANG_WARN_DIRECT_OBJC_ISA_USAGE = YES_ERROR;
				CLANG_WARN_DOCUMENTATION_COMMENTS = YES;
				CLANG_WARN_EMPTY_BODY = YES;
				CLANG_WARN_ENUM_CONVERSION = YES;
				CLANG_WARN_INFINITE_RECURSION = YES;
				CLANG_WARN_INT_CONVERSION = YES;
				CLANG_WARN_NON_LITERAL_NULL_CONVERSION = YES;
				CLANG_WARN_OBJC_IMPLICIT_RETAIN_SELF = YES;
				CLANG_WARN_OBJC_LITERAL_CONVERSION = YES;
				CLANG_WARN_OBJC_ROOT_CLASS = YES_ERROR;
				CLANG_WARN_RANGE_LOOP_ANALYSIS = YES;
				CLANG_WARN_STRICT_PROTOTYPES = YES;
				CLANG_WARN_SUSPICIOUS_MOVE = YES;
				CLANG_WARN_UNGUARDED_AVAILABILITY = YES_AGGRESSIVE;
				CLANG_WARN_UNREACHABLE_CODE = YES;
				CLANG_WARN__DUPLICATE_METHOD_MATCH = YES;
				CODE_SIGN_IDENTITY = "iPhone Developer";
				COPY_PHASE_STRIP = NO;
				DEBUG_INFORMATION_FORMAT = dwarf;
				ENABLE_STRICT_OBJC_MSGSEND = YES;
				ENABLE_TESTABILITY = YES;
				GCC_C_LANGUAGE_STANDARD = gnu11;
				GCC_DYNAMIC_NO_PIC = NO;
				GCC_NO_COMMON_BLOCKS = YES;
				GCC_OPTIMIZATION_LEVEL = 0;
				GCC_PREPROCESSOR_DEFINITIONS = (
					"DEBUG=1",
					"$(inherited)",
				);
				GCC_WARN_64_TO_32_BIT_CONVERSION = YES;
				GCC_WARN_ABOUT_RETURN_TYPE = YES_ERROR;
				GCC_WARN_UNDECLARED_SELECTOR = YES;
				GCC_WARN_UNINITIALIZED_AUTOS = YES_AGGRESSIVE;
				GCC_WARN_UNUSED_FUNCTION = YES;
				GCC_WARN_UNUSED_VARIABLE = YES;
				IPHONEOS_DEPLOYMENT_TARGET = 10.0;
				MTL_ENABLE_DEBUG_INFO = INCLUDE_SOURCE;
				MTL_FAST_MATH = YES;
				ONLY_ACTIVE_ARCH = YES;
				SDKROOT = iphoneos;
				SWIFT_ACTIVE_COMPILATION_CONDITIONS = DEBUG;
				SWIFT_OPTIMIZATION_LEVEL = "-Onone";
			};
			name = Debug;
		};
		ADEBE41822EF6B5800AD510D /* Release */ = {
			isa = XCBuildConfiguration;
			buildSettings = {
				ALWAYS_SEARCH_USER_PATHS = NO;
				CLANG_ANALYZER_NONNULL = YES;
				CLANG_ANALYZER_NUMBER_OBJECT_CONVERSION = YES_AGGRESSIVE;
				CLANG_CXX_LANGUAGE_STANDARD = "gnu++14";
				CLANG_CXX_LIBRARY = "libc++";
				CLANG_ENABLE_MODULES = YES;
				CLANG_ENABLE_OBJC_ARC = YES;
				CLANG_ENABLE_OBJC_WEAK = YES;
				CLANG_WARN_BLOCK_CAPTURE_AUTORELEASING = YES;
				CLANG_WARN_BOOL_CONVERSION = YES;
				CLANG_WARN_COMMA = YES;
				CLANG_WARN_CONSTANT_CONVERSION = YES;
				CLANG_WARN_DEPRECATED_OBJC_IMPLEMENTATIONS = YES;
				CLANG_WARN_DIRECT_OBJC_ISA_USAGE = YES_ERROR;
				CLANG_WARN_DOCUMENTATION_COMMENTS = YES;
				CLANG_WARN_EMPTY_BODY = YES;
				CLANG_WARN_ENUM_CONVERSION = YES;
				CLANG_WARN_INFINITE_RECURSION = YES;
				CLANG_WARN_INT_CONVERSION = YES;
				CLANG_WARN_NON_LITERAL_NULL_CONVERSION = YES;
				CLANG_WARN_OBJC_IMPLICIT_RETAIN_SELF = YES;
				CLANG_WARN_OBJC_LITERAL_CONVERSION = YES;
				CLANG_WARN_OBJC_ROOT_CLASS = YES_ERROR;
				CLANG_WARN_RANGE_LOOP_ANALYSIS = YES;
				CLANG_WARN_STRICT_PROTOTYPES = YES;
				CLANG_WARN_SUSPICIOUS_MOVE = YES;
				CLANG_WARN_UNGUARDED_AVAILABILITY = YES_AGGRESSIVE;
				CLANG_WARN_UNREACHABLE_CODE = YES;
				CLANG_WARN__DUPLICATE_METHOD_MATCH = YES;
				CODE_SIGN_IDENTITY = "iPhone Developer";
				COPY_PHASE_STRIP = NO;
				DEBUG_INFORMATION_FORMAT = "dwarf-with-dsym";
				ENABLE_NS_ASSERTIONS = NO;
				ENABLE_STRICT_OBJC_MSGSEND = YES;
				GCC_C_LANGUAGE_STANDARD = gnu11;
				GCC_NO_COMMON_BLOCKS = YES;
				GCC_WARN_64_TO_32_BIT_CONVERSION = YES;
				GCC_WARN_ABOUT_RETURN_TYPE = YES_ERROR;
				GCC_WARN_UNDECLARED_SELECTOR = YES;
				GCC_WARN_UNINITIALIZED_AUTOS = YES_AGGRESSIVE;
				GCC_WARN_UNUSED_FUNCTION = YES;
				GCC_WARN_UNUSED_VARIABLE = YES;
				IPHONEOS_DEPLOYMENT_TARGET = 10.0;
				MTL_ENABLE_DEBUG_INFO = NO;
				MTL_FAST_MATH = YES;
				SDKROOT = iphoneos;
				SWIFT_COMPILATION_MODE = wholemodule;
				SWIFT_OPTIMIZATION_LEVEL = "-O";
				VALIDATE_PRODUCT = YES;
			};
			name = Release;
		};
		ADEBE41A22EF6B5800AD510D /* Debug */ = {
			isa = XCBuildConfiguration;
			buildSettings = {
				ASSETCATALOG_COMPILER_APPICON_NAME = AppIcon;
				CODE_SIGN_STYLE = Manual;
				DEVELOPMENT_TEAM = "";
				INFOPLIST_FILE = TagsViewDemo/Info.plist;
				LD_RUNPATH_SEARCH_PATHS = (
					"$(inherited)",
					"@executable_path/Frameworks",
				);
				PRODUCT_BUNDLE_IDENTIFIER = com.creativegames.TagsViewDemo;
				PRODUCT_NAME = "$(TARGET_NAME)";
				PROVISIONING_PROFILE_SPECIFIER = "";
				SWIFT_VERSION = 5.0;
				TARGETED_DEVICE_FAMILY = "1,2";
			};
			name = Debug;
		};
		ADEBE41B22EF6B5800AD510D /* Release */ = {
			isa = XCBuildConfiguration;
			buildSettings = {
				ASSETCATALOG_COMPILER_APPICON_NAME = AppIcon;
				CODE_SIGN_STYLE = Manual;
				DEVELOPMENT_TEAM = "";
				INFOPLIST_FILE = TagsViewDemo/Info.plist;
				LD_RUNPATH_SEARCH_PATHS = (
					"$(inherited)",
					"@executable_path/Frameworks",
				);
				PRODUCT_BUNDLE_IDENTIFIER = com.creativegames.TagsViewDemo;
				PRODUCT_NAME = "$(TARGET_NAME)";
				PROVISIONING_PROFILE_SPECIFIER = "";
				SWIFT_VERSION = 5.0;
				TARGETED_DEVICE_FAMILY = "1,2";
			};
			name = Release;
		};
/* End XCBuildConfiguration section */

/* Begin XCConfigurationList section */
		ADEBE40222EF6B5600AD510D /* Build configuration list for PBXProject "TagsViewDemo" */ = {
			isa = XCConfigurationList;
			buildConfigurations = (
				ADEBE41722EF6B5800AD510D /* Debug */,
				ADEBE41822EF6B5800AD510D /* Release */,
			);
			defaultConfigurationIsVisible = 0;
			defaultConfigurationName = Release;
		};
		ADEBE41922EF6B5800AD510D /* Build configuration list for PBXNativeTarget "TagsViewDemo" */ = {
			isa = XCConfigurationList;
			buildConfigurations = (
				ADEBE41A22EF6B5800AD510D /* Debug */,
				ADEBE41B22EF6B5800AD510D /* Release */,
			);
			defaultConfigurationIsVisible = 0;
			defaultConfigurationName = Release;
		};
/* End XCConfigurationList section */
	};
	rootObject = ADEBE3FF22EF6B5600AD510D /* Project object */;
}
